
Microsoft Visual Studio Solution File, Format Version 12.00
# Visual Studio Version 17
VisualStudioVersion = 17.5.2.0
MinimumVisualStudioVersion = 10.0.40219.1
Project("{FAE04EC0-301F-11D3-BF4B-00C04F79EFBC}") = "Vdlcrm.Web", "Vdlcrm.Web\Vdlcrm.Web.csproj", "{B5CEE1AB-68C5-FCEC-EA61-653FFB609ED2}"
EndProject
Project("{FAE04EC0-301F-11D3-BF4B-00C04F79EFBC}") = "Vdlcrm.Interfaces", "Vdlcrm.Interfaces\Vdlcrm.Interfaces.csproj", "{C4FBAE28-E036-8205-E1B7-498102676C0D}"
EndProject
Project("{FAE04EC0-301F-11D3-BF4B-00C04F79EFBC}") = "Vdlcrm.Services", "Vdlcrm.Services\Vdlcrm.Services.csproj", "{AC721A35-9C91-C0BB-D15C-3C61691A043B}"
EndProject
Project("{FAE04EC0-301F-11D3-BF4B-00C04F79EFBC}") = "Vdlcrm.Utilities", "Vdlcrm.Utilities\Vdlcrm.Utilities.csproj", "{09098ADE-DC31-9F9D-4E83-6FA61AA78B3B}"
EndProject
Project("{FAE04EC0-301F-11D3-BF4B-00C04F79EFBC}") = "Vdlcrm.Model", "Vdlcrm.Model\Vdlcrm.Model.csproj", "{0AB1EEC2-CFB4-4BC8-BCA7-DCE9A9BBE528}"
EndProject
Global
	GlobalSection(SolutionConfigurationPlatforms) = preSolution
		Debug|Any CPU = Debug|Any CPU
		Debug|x64 = Debug|x64
		Debug|x86 = Debug|x86
		Release|Any CPU = Release|Any CPU
		Release|x64 = Release|x64
		Release|x86 = Release|x86
	EndGlobalSection
	GlobalSection(ProjectConfigurationPlatforms) = postSolution
		{B5CEE1AB-68C5-FCEC-EA61-653FFB609ED2}.Debug|Any CPU.ActiveCfg = Debug|Any CPU
		{B5CEE1AB-68C5-FCEC-EA61-653FFB609ED2}.Debug|Any CPU.Build.0 = Debug|Any CPU
		{B5CEE1AB-68C5-FCEC-EA61-653FFB609ED2}.Debug|x64.ActiveCfg = Debug|Any CPU
		{B5CEE1AB-68C5-FCEC-EA61-653FFB609ED2}.Debug|x64.Build.0 = Debug|Any CPU
		{B5CEE1AB-68C5-FCEC-EA61-653FFB609ED2}.Debug|x86.ActiveCfg = Debug|Any CPU
		{B5CEE1AB-68C5-FCEC-EA61-653FFB609ED2}.Debug|x86.Build.0 = Debug|Any CPU
		{B5CEE1AB-68C5-FCEC-EA61-653FFB609ED2}.Release|Any CPU.ActiveCfg = Release|Any CPU
		{B5CEE1AB-68C5-FCEC-EA61-653FFB609ED2}.Release|Any CPU.Build.0 = Release|Any CPU
		{B5CEE1AB-68C5-FCEC-EA61-653FFB609ED2}.Release|x64.ActiveCfg = Release|Any CPU
		{B5CEE1AB-68C5-FCEC-EA61-653FFB609ED2}.Release|x64.Build.0 = Release|Any CPU
		{B5CEE1AB-68C5-FCEC-EA61-653FFB609ED2}.Release|x86.ActiveCfg = Release|Any CPU
		{B5CEE1AB-68C5-FCEC-EA61-653FFB609ED2}.Release|x86.Build.0 = Release|Any CPU
		{C4FBAE28-E036-8205-E1B7-498102676C0D}.Debug|Any CPU.ActiveCfg = Debug|Any CPU
		{C4FBAE28-E036-8205-E1B7-498102676C0D}.Debug|Any CPU.Build.0 = Debug|Any CPU
		{C4FBAE28-E036-8205-E1B7-498102676C0D}.Debug|x64.ActiveCfg = Debug|Any CPU
		{C4FBAE28-E036-8205-E1B7-498102676C0D}.Debug|x64.Build.0 = Debug|Any CPU
		{C4FBAE28-E036-8205-E1B7-498102676C0D}.Debug|x86.ActiveCfg = Debug|Any CPU
		{C4FBAE28-E036-8205-E1B7-498102676C0D}.Debug|x86.Build.0 = Debug|Any CPU
		{C4FBAE28-E036-8205-E1B7-498102676C0D}.Release|x64.ActiveCfg = Release|Any CPU
		{C4FBAE28-E036-8205-E1B7-498102676C0D}.Release|x64.Build.0 = Release|Any CPU
		{C4FBAE28-E036-8205-E1B7-498102676C0D}.Release|x86.ActiveCfg = Release|Any CPU
		{C4FBAE28-E036-8205-E1B7-498102676C0D}.Release|x86.Build.0 = Release|Any CPU
		{AC721A35-9C91-C0BB-D15C-3C61691A043B}.Debug|Any CPU.ActiveCfg = Debug|Any CPU
		{AC721A35-9C91-C0BB-D15C-3C61691A043B}.Debug|Any CPU.Build.0 = Debug|Any CPU
		{AC721A35-9C91-C0BB-D15C-3C61691A043B}.Debug|x64.ActiveCfg = Debug|Any CPU
		{AC721A35-9C91-C0BB-D15C-3C61691A043B}.Debug|x64.Build.0 = Debug|Any CPU
		{AC721A35-9C91-C0BB-D15C-3C61691A043B}.Debug|x86.ActiveCfg = Debug|Any CPU
		{AC721A35-9C91-C0BB-D15C-3C61691A043B}.Debug|x86.Build.0 = Debug|Any CPU
		{AC721A35-9C91-C0BB-D15C-3C61691A043B}.Release|x64.ActiveCfg = Release|Any CPU
		{AC721A35-9C91-C0BB-D15C-3C61691A043B}.Release|x64.Build.0 = Release|Any CPU
		{AC721A35-9C91-C0BB-D15C-3C61691A043B}.Release|x86.ActiveCfg = Release|Any CPU
		{AC721A35-9C91-C0BB-D15C-3C61691A043B}.Release|x86.Build.0 = Release|Any CPU
		{09098ADE-DC31-9F9D-4E83-6FA61AA78B3B}.Debug|Any CPU.ActiveCfg = Debug|Any CPU
		{09098ADE-DC31-9F9D-4E83-6FA61AA78B3B}.Debug|Any CPU.Build.0 = Debug|Any CPU
		{09098ADE-DC31-9F9D-4E83-6FA61AA78B3B}.Debug|x64.ActiveCfg = Debug|Any CPU
		{09098ADE-DC31-9F9D-4E83-6FA61AA78B3B}.Debug|x64.Build.0 = Debug|Any CPU
		{09098ADE-DC31-9F9D-4E83-6FA61AA78B3B}.Debug|x86.ActiveCfg = Debug|Any CPU
		{09098ADE-DC31-9F9D-4E83-6FA61AA78B3B}.Debug|x86.Build.0 = Debug|Any CPU
		{09098ADE-DC31-9F9D-4E83-6FA61AA78B3B}.Release|x64.ActiveCfg = Release|Any CPU
		{09098ADE-DC31-9F9D-4E83-6FA61AA78B3B}.Release|x64.Build.0 = Release|Any CPU
		{09098ADE-DC31-9F9D-4E83-6FA61AA78B3B}.Release|x86.ActiveCfg = Release|Any CPU
		{09098ADE-DC31-9F9D-4E83-6FA61AA78B3B}.Release|x86.Build.0 = Release|Any CPU
		{0AB1EEC2-CFB4-4BC8-BCA7-DCE9A9BBE528}.Debug|Any CPU.ActiveCfg = Debug|Any CPU
		{0AB1EEC2-CFB4-4BC8-BCA7-DCE9A9BBE528}.Debug|Any CPU.Build.0 = Debug|Any CPU
		{0AB1EEC2-CFB4-4BC8-BCA7-DCE9A9BBE528}.Debug|x64.ActiveCfg = Debug|Any CPU
		{0AB1EEC2-CFB4-4BC8-BCA7-DCE9A9BBE528}.Debug|x64.Build.0 = Debug|Any CPU
		{0AB1EEC2-CFB4-4BC8-BCA7-DCE9A9BBE528}.Debug|x86.ActiveCfg = Debug|Any CPU
		{0AB1EEC2-CFB4-4BC8-BCA7-DCE9A9BBE528}.Debug|x86.Build.0 = Debug|Any CPU
		{0AB1EEC2-CFB4-4BC8-BCA7-DCE9A9BBE528}.Release|Any CPU.ActiveCfg = Release|Any CPU
		{0AB1EEC2-CFB4-4BC8-BCA7-DCE9A9BBE528}.Release|Any CPU.Build.0 = Release|Any CPU
		{0AB1EEC2-CFB4-4BC8-BCA7-DCE9A9BBE528}.Release|x64.ActiveCfg = Release|Any CPU
		{0AB1EEC2-CFB4-4BC8-BCA7-DCE9A9BBE528}.Release|x64.Build.0 = Release|Any CPU
		{0AB1EEC2-CFB4-4BC8-BCA7-DCE9A9BBE528}.Release|x86.ActiveCfg = Release|Any CPU
		{0AB1EEC2-CFB4-4BC8-BCA7-DCE9A9BBE528}.Release|x86.Build.0 = Release|Any CPU
	EndGlobalSection
	GlobalSection(SolutionProperties) = preSolution
		HideSolutionNode = FALSE
	EndGlobalSection
	GlobalSection(ExtensibilityGlobals) = postSolution
		SolutionGuid = {C440FD58-3D17-4956-9209-648B2618D7EA}
	EndGlobalSection
EndGlobal
